
Microsoft Visual Studio Solution File, Format Version 12.00
# Visual Studio Version 17
VisualStudioVersion = 17.6.33829.357
MinimumVisualStudioVersion = 10.0.40219.1
Project("{FAE04EC0-301F-11D3-BF4B-00C04F79EFBC}") = "GrpcService", "GrpcService\GrpcService.csproj", "{F080B744-0648-4BEF-9BC7-90AB45625A94}"
EndProject
Project("{FAE04EC0-301F-11D3-BF4B-00C04F79EFBC}") = "GrpcClient", "GrpcClient\GrpcClient.csproj", "{9AD1F0FA-470A-46DB-8E24-110209FC67FE}"
EndProject
Global
	GlobalSection(SolutionConfigurationPlatforms) = preSolution
		Debug|Any CPU = Debug|Any CPU
		Release|Any CPU = Release|Any CPU
	EndGlobalSection
	GlobalSection(ProjectConfigurationPlatforms) = postSolution
		{F080B744-0648-4BEF-9BC7-90AB45625A94}.Debug|Any CPU.ActiveCfg = Debug|Any CPU
		{F080B744-0648-4BEF-9BC7-90AB45625A94}.Debug|Any CPU.Build.0 = Debug|Any CPU
		{F080B744-0648-4BEF-9BC7-90AB45625A94}.Release|Any CPU.ActiveCfg = Release|Any CPU
		{F080B744-0648-4BEF-9BC7-90AB45625A94}.Release|Any CPU.Build.0 = Release|Any CPU
		{9AD1F0FA-470A-46DB-8E24-110209FC67FE}.Debug|Any CPU.ActiveCfg = Debug|Any CPU
		{9AD1F0FA-470A-46DB-8E24-110209FC67FE}.Debug|Any CPU.Build.0 = Debug|Any CPU
		{9AD1F0FA-470A-46DB-8E24-110209FC67FE}.Release|Any CPU.ActiveCfg = Release|Any CPU
		{9AD1F0FA-470A-46DB-8E24-110209FC67FE}.Release|Any CPU.Build.0 = Release|Any CPU
	EndGlobalSection
	GlobalSection(SolutionProperties) = preSolution
		HideSolutionNode = FALSE
	EndGlobalSection
	GlobalSection(ExtensibilityGlobals) = postSolution
		SolutionGuid = {4DBE24B3-95A6-4CD1-BC9C-5BB838008216}
	EndGlobalSection
EndGlobal
