
Microsoft Visual Studio Solution File, Format Version 12.00
# Visual Studio Version 17
VisualStudioVersion = 17.6.33829.357
MinimumVisualStudioVersion = 10.0.40219.1
Project("{FAE04EC0-301F-11D3-BF4B-00C04F79EFBC}") = "OutputBased", "OutputBased\OutputBased.csproj", "{FAE5FC18-E508-48D9-9BD0-98985D51083D}"
EndProject
Global
	GlobalSection(SolutionConfigurationPlatforms) = preSolution
		Debug|Any CPU = Debug|Any CPU
		Release|Any CPU = Release|Any CPU
	EndGlobalSection
	GlobalSection(ProjectConfigurationPlatforms) = postSolution
		{FAE5FC18-E508-48D9-9BD0-98985D51083D}.Debug|Any CPU.ActiveCfg = Debug|Any CPU
		{FAE5FC18-E508-48D9-9BD0-98985D51083D}.Debug|Any CPU.Build.0 = Debug|Any CPU
		{FAE5FC18-E508-48D9-9BD0-98985D51083D}.Release|Any CPU.ActiveCfg = Release|Any CPU
		{FAE5FC18-E508-48D9-9BD0-98985D51083D}.Release|Any CPU.Build.0 = Release|Any CPU
	EndGlobalSection
	GlobalSection(SolutionProperties) = preSolution
		HideSolutionNode = FALSE
	EndGlobalSection
	GlobalSection(ExtensibilityGlobals) = postSolution
		SolutionGuid = {182AE95D-7998-41A0-B3FA-A7A23C2C8975}
	EndGlobalSection
EndGlobal
