
Microsoft Visual Studio Solution File, Format Version 12.00
# Visual Studio Version 17
VisualStudioVersion = 17.6.33801.468
MinimumVisualStudioVersion = 10.0.40219.1
Project("{FAE04EC0-301F-11D3-BF4B-00C04F79EFBC}") = "BubberDinner.Api", "BubberDinner.Api\BubberDinner.Api.csproj", "{7974B151-D073-44ED-A68A-6AB53489ACE2}"
EndProject
Project("{FAE04EC0-301F-11D3-BF4B-00C04F79EFBC}") = "BubberDinner.Contracts", "Bubber.Contracts\BubberDinner.Contracts.csproj", "{A85DDC8D-C3C6-4F3B-B300-7C0AE8C6CECD}"
EndProject
Project("{FAE04EC0-301F-11D3-BF4B-00C04F79EFBC}") = "BubberDinner.Infrastructure", "Bubber.Infrastructure\BubberDinner.Infrastructure.csproj", "{A5DFEB10-CF74-4557-84FE-2D35768EFD7C}"
EndProject
Project("{FAE04EC0-301F-11D3-BF4B-00C04F79EFBC}") = "BubberDinner.Application", "Bubber.Application\BubberDinner.Application.csproj", "{37256872-88B4-4A4F-9705-FA8475E0F565}"
EndProject
Project("{FAE04EC0-301F-11D3-BF4B-00C04F79EFBC}") = "BubberDinner.Domain", "Bubber.Domain\BubberDinner.Domain.csproj", "{E39048C0-137C-41D3-B09F-9D661E59649A}"
EndProject
Global
	GlobalSection(SolutionConfigurationPlatforms) = preSolution
		Debug|Any CPU = Debug|Any CPU
		Release|Any CPU = Release|Any CPU
	EndGlobalSection
	GlobalSection(ProjectConfigurationPlatforms) = postSolution
		{7974B151-D073-44ED-A68A-6AB53489ACE2}.Debug|Any CPU.ActiveCfg = Debug|Any CPU
		{7974B151-D073-44ED-A68A-6AB53489ACE2}.Debug|Any CPU.Build.0 = Debug|Any CPU
		{7974B151-D073-44ED-A68A-6AB53489ACE2}.Release|Any CPU.ActiveCfg = Release|Any CPU
		{7974B151-D073-44ED-A68A-6AB53489ACE2}.Release|Any CPU.Build.0 = Release|Any CPU
		{A85DDC8D-C3C6-4F3B-B300-7C0AE8C6CECD}.Debug|Any CPU.ActiveCfg = Debug|Any CPU
		{A85DDC8D-C3C6-4F3B-B300-7C0AE8C6CECD}.Debug|Any CPU.Build.0 = Debug|Any CPU
		{A85DDC8D-C3C6-4F3B-B300-7C0AE8C6CECD}.Release|Any CPU.ActiveCfg = Release|Any CPU
		{A85DDC8D-C3C6-4F3B-B300-7C0AE8C6CECD}.Release|Any CPU.Build.0 = Release|Any CPU
		{A5DFEB10-CF74-4557-84FE-2D35768EFD7C}.Debug|Any CPU.ActiveCfg = Debug|Any CPU
		{A5DFEB10-CF74-4557-84FE-2D35768EFD7C}.Debug|Any CPU.Build.0 = Debug|Any CPU
		{A5DFEB10-CF74-4557-84FE-2D35768EFD7C}.Release|Any CPU.ActiveCfg = Release|Any CPU
		{A5DFEB10-CF74-4557-84FE-2D35768EFD7C}.Release|Any CPU.Build.0 = Release|Any CPU
		{37256872-88B4-4A4F-9705-FA8475E0F565}.Debug|Any CPU.ActiveCfg = Debug|Any CPU
		{37256872-88B4-4A4F-9705-FA8475E0F565}.Debug|Any CPU.Build.0 = Debug|Any CPU
		{37256872-88B4-4A4F-9705-FA8475E0F565}.Release|Any CPU.ActiveCfg = Release|Any CPU
		{37256872-88B4-4A4F-9705-FA8475E0F565}.Release|Any CPU.Build.0 = Release|Any CPU
		{E39048C0-137C-41D3-B09F-9D661E59649A}.Debug|Any CPU.ActiveCfg = Debug|Any CPU
		{E39048C0-137C-41D3-B09F-9D661E59649A}.Debug|Any CPU.Build.0 = Debug|Any CPU
		{E39048C0-137C-41D3-B09F-9D661E59649A}.Release|Any CPU.ActiveCfg = Release|Any CPU
		{E39048C0-137C-41D3-B09F-9D661E59649A}.Release|Any CPU.Build.0 = Release|Any CPU
	EndGlobalSection
	GlobalSection(SolutionProperties) = preSolution
		HideSolutionNode = FALSE
	EndGlobalSection
	GlobalSection(ExtensibilityGlobals) = postSolution
		SolutionGuid = {EC01D99E-5901-4818-9279-C6405EC6493A}
	EndGlobalSection
EndGlobal
