
Microsoft Visual Studio Solution File, Format Version 12.00
# Visual Studio Version 17
VisualStudioVersion = 17.6.33801.468
MinimumVisualStudioVersion = 10.0.40219.1
Project("{9A19103F-16F7-4668-BE54-9A1E7A4F7556}") = "BubberDinner.Api", "BubberDinner.Api\BubberDinner.Api.csproj", "{7974B151-D073-44ED-A68A-6AB53489ACE2}"
EndProject
Project("{9A19103F-16F7-4668-BE54-9A1E7A4F7556}") = "BubberDinner.Application", "BubberDinner.Application\BubberDinner.Application.csproj", "{7E6F3E65-1B9C-4EE9-B731-FC0E4A1A237E}"
EndProject
Project("{9A19103F-16F7-4668-BE54-9A1E7A4F7556}") = "BubberDinner.Contracts", "BubberDinner.Contracts\BubberDinner.Contracts.csproj", "{20B44FD7-ED77-4FEC-AEDB-2BB7C7476CB3}"
EndProject
Project("{9A19103F-16F7-4668-BE54-9A1E7A4F7556}") = "BubberDinner.Domain", "BubberDinner.Domain\BubberDinner.Domain.csproj", "{909D3B72-9690-42A9-B3B1-5867E417C1B3}"
EndProject
Project("{9A19103F-16F7-4668-BE54-9A1E7A4F7556}") = "BubberDinner.Infrastructure", "BubberDinner.Infrastructure\BubberDinner.Infrastructure.csproj", "{F86B3CB6-69CE-47AE-913E-14B41B352E8E}"
EndProject
Global
	GlobalSection(SolutionConfigurationPlatforms) = preSolution
		Debug|Any CPU = Debug|Any CPU
		Release|Any CPU = Release|Any CPU
	EndGlobalSection
	GlobalSection(ProjectConfigurationPlatforms) = postSolution
		{7974B151-D073-44ED-A68A-6AB53489ACE2}.Debug|Any CPU.ActiveCfg = Debug|Any CPU
		{7974B151-D073-44ED-A68A-6AB53489ACE2}.Debug|Any CPU.Build.0 = Debug|Any CPU
		{7974B151-D073-44ED-A68A-6AB53489ACE2}.Release|Any CPU.ActiveCfg = Release|Any CPU
		{7974B151-D073-44ED-A68A-6AB53489ACE2}.Release|Any CPU.Build.0 = Release|Any CPU
		{7E6F3E65-1B9C-4EE9-B731-FC0E4A1A237E}.Debug|Any CPU.ActiveCfg = Debug|Any CPU
		{7E6F3E65-1B9C-4EE9-B731-FC0E4A1A237E}.Debug|Any CPU.Build.0 = Debug|Any CPU
		{7E6F3E65-1B9C-4EE9-B731-FC0E4A1A237E}.Release|Any CPU.ActiveCfg = Release|Any CPU
		{7E6F3E65-1B9C-4EE9-B731-FC0E4A1A237E}.Release|Any CPU.Build.0 = Release|Any CPU
		{20B44FD7-ED77-4FEC-AEDB-2BB7C7476CB3}.Debug|Any CPU.ActiveCfg = Debug|Any CPU
		{20B44FD7-ED77-4FEC-AEDB-2BB7C7476CB3}.Debug|Any CPU.Build.0 = Debug|Any CPU
		{20B44FD7-ED77-4FEC-AEDB-2BB7C7476CB3}.Release|Any CPU.ActiveCfg = Release|Any CPU
		{20B44FD7-ED77-4FEC-AEDB-2BB7C7476CB3}.Release|Any CPU.Build.0 = Release|Any CPU
		{909D3B72-9690-42A9-B3B1-5867E417C1B3}.Debug|Any CPU.ActiveCfg = Debug|Any CPU
		{909D3B72-9690-42A9-B3B1-5867E417C1B3}.Debug|Any CPU.Build.0 = Debug|Any CPU
		{909D3B72-9690-42A9-B3B1-5867E417C1B3}.Release|Any CPU.ActiveCfg = Release|Any CPU
		{909D3B72-9690-42A9-B3B1-5867E417C1B3}.Release|Any CPU.Build.0 = Release|Any CPU
		{F86B3CB6-69CE-47AE-913E-14B41B352E8E}.Debug|Any CPU.ActiveCfg = Debug|Any CPU
		{F86B3CB6-69CE-47AE-913E-14B41B352E8E}.Debug|Any CPU.Build.0 = Debug|Any CPU
		{F86B3CB6-69CE-47AE-913E-14B41B352E8E}.Release|Any CPU.ActiveCfg = Release|Any CPU
		{F86B3CB6-69CE-47AE-913E-14B41B352E8E}.Release|Any CPU.Build.0 = Release|Any CPU
	EndGlobalSection
	GlobalSection(SolutionProperties) = preSolution
		HideSolutionNode = FALSE
	EndGlobalSection
	GlobalSection(ExtensibilityGlobals) = postSolution
		SolutionGuid = {EC01D99E-5901-4818-9279-C6405EC6493A}
	EndGlobalSection
EndGlobal
