
Microsoft Visual Studio Solution File, Format Version 12.00
# Visual Studio Version 17
VisualStudioVersion = 17.12.35707.178
MinimumVisualStudioVersion = 10.0.40219.1
Project("{2150E333-8FDC-42A3-9474-1A3956D46DE8}") = "FrontEnd", "FrontEnd", "{E8A64881-0F35-4DE8-BDA6-65B5AE4ACFA2}"
EndProject
Project("{2150E333-8FDC-42A3-9474-1A3956D46DE8}") = "Gateway", "Gateway", "{4FB85C19-EE7B-45D6-A0DC-24B3B965630D}"
EndProject
Project("{2150E333-8FDC-42A3-9474-1A3956D46DE8}") = "Integration", "Integration", "{C3091E8E-F4EB-415E-B598-578F7B428DEB}"
EndProject
Project("{2150E333-8FDC-42A3-9474-1A3956D46DE8}") = "Services", "Services", "{E62C07A8-5674-4087-9E3F-7483185EDC85}"
EndProject
Project("{FAE04EC0-301F-11D3-BF4B-00C04F79EFBC}") = "Mango.Services.CouponAPI", "Mango.Services.CouponAPI\Mango.Services.CouponAPI.csproj", "{CDDEEAB4-13FB-4D34-BF39-CCB7B3A2D4BA}"
EndProject
Project("{FAE04EC0-301F-11D3-BF4B-00C04F79EFBC}") = "Mango.Web", "Mango.Web\Mango.Web.csproj", "{B73BA46E-A68E-4BAA-90D1-BD1B7ABA83F4}"
EndProject
Project("{FAE04EC0-301F-11D3-BF4B-00C04F79EFBC}") = "Mango.Services.AuthAPI", "Mango.Services.AuthAPI\Mango.Services.AuthAPI.csproj", "{7511A62D-54C8-4402-98A6-EA44C9D2DFBE}"
EndProject
Project("{FAE04EC0-301F-11D3-BF4B-00C04F79EFBC}") = "Mango.Services.ProductAPI", "Mango.Services.ProductAPI\Mango.Services.ProductAPI.csproj", "{1857D342-D082-492C-808A-5DBB13F1DA17}"
EndProject
Project("{FAE04EC0-301F-11D3-BF4B-00C04F79EFBC}") = "Mango.Services.ShoppingCartAPI", "Mango.Services.ShoppingCartAPI\Mango.Services.ShoppingCartAPI.csproj", "{977508B8-8649-47AB-8CBD-0396446E9791}"
EndProject
Project("{FAE04EC0-301F-11D3-BF4B-00C04F79EFBC}") = "Mango.MessageBus", "Mango.MessageBus\Mango.MessageBus.csproj", "{C8180A16-ECB3-4492-B9D1-C49BBF3BAAB6}"
EndProject
Global
	GlobalSection(SolutionConfigurationPlatforms) = preSolution
		Debug|Any CPU = Debug|Any CPU
		Release|Any CPU = Release|Any CPU
	EndGlobalSection
	GlobalSection(ProjectConfigurationPlatforms) = postSolution
		{CDDEEAB4-13FB-4D34-BF39-CCB7B3A2D4BA}.Debug|Any CPU.ActiveCfg = Debug|Any CPU
		{CDDEEAB4-13FB-4D34-BF39-CCB7B3A2D4BA}.Debug|Any CPU.Build.0 = Debug|Any CPU
		{CDDEEAB4-13FB-4D34-BF39-CCB7B3A2D4BA}.Release|Any CPU.ActiveCfg = Release|Any CPU
		{CDDEEAB4-13FB-4D34-BF39-CCB7B3A2D4BA}.Release|Any CPU.Build.0 = Release|Any CPU
		{B73BA46E-A68E-4BAA-90D1-BD1B7ABA83F4}.Debug|Any CPU.ActiveCfg = Debug|Any CPU
		{B73BA46E-A68E-4BAA-90D1-BD1B7ABA83F4}.Debug|Any CPU.Build.0 = Debug|Any CPU
		{B73BA46E-A68E-4BAA-90D1-BD1B7ABA83F4}.Release|Any CPU.ActiveCfg = Release|Any CPU
		{B73BA46E-A68E-4BAA-90D1-BD1B7ABA83F4}.Release|Any CPU.Build.0 = Release|Any CPU
		{7511A62D-54C8-4402-98A6-EA44C9D2DFBE}.Debug|Any CPU.ActiveCfg = Debug|Any CPU
		{7511A62D-54C8-4402-98A6-EA44C9D2DFBE}.Debug|Any CPU.Build.0 = Debug|Any CPU
		{7511A62D-54C8-4402-98A6-EA44C9D2DFBE}.Release|Any CPU.ActiveCfg = Release|Any CPU
		{7511A62D-54C8-4402-98A6-EA44C9D2DFBE}.Release|Any CPU.Build.0 = Release|Any CPU
		{1857D342-D082-492C-808A-5DBB13F1DA17}.Debug|Any CPU.ActiveCfg = Debug|Any CPU
		{1857D342-D082-492C-808A-5DBB13F1DA17}.Debug|Any CPU.Build.0 = Debug|Any CPU
		{1857D342-D082-492C-808A-5DBB13F1DA17}.Release|Any CPU.ActiveCfg = Release|Any CPU
		{1857D342-D082-492C-808A-5DBB13F1DA17}.Release|Any CPU.Build.0 = Release|Any CPU
		{977508B8-8649-47AB-8CBD-0396446E9791}.Debug|Any CPU.ActiveCfg = Debug|Any CPU
		{977508B8-8649-47AB-8CBD-0396446E9791}.Debug|Any CPU.Build.0 = Debug|Any CPU
		{977508B8-8649-47AB-8CBD-0396446E9791}.Release|Any CPU.ActiveCfg = Release|Any CPU
		{977508B8-8649-47AB-8CBD-0396446E9791}.Release|Any CPU.Build.0 = Release|Any CPU
		{C8180A16-ECB3-4492-B9D1-C49BBF3BAAB6}.Debug|Any CPU.ActiveCfg = Debug|Any CPU
		{C8180A16-ECB3-4492-B9D1-C49BBF3BAAB6}.Debug|Any CPU.Build.0 = Debug|Any CPU
		{C8180A16-ECB3-4492-B9D1-C49BBF3BAAB6}.Release|Any CPU.ActiveCfg = Release|Any CPU
		{C8180A16-ECB3-4492-B9D1-C49BBF3BAAB6}.Release|Any CPU.Build.0 = Release|Any CPU
	EndGlobalSection
	GlobalSection(SolutionProperties) = preSolution
		HideSolutionNode = FALSE
	EndGlobalSection
	GlobalSection(NestedProjects) = preSolution
		{CDDEEAB4-13FB-4D34-BF39-CCB7B3A2D4BA} = {E62C07A8-5674-4087-9E3F-7483185EDC85}
		{B73BA46E-A68E-4BAA-90D1-BD1B7ABA83F4} = {E8A64881-0F35-4DE8-BDA6-65B5AE4ACFA2}
		{7511A62D-54C8-4402-98A6-EA44C9D2DFBE} = {E62C07A8-5674-4087-9E3F-7483185EDC85}
		{1857D342-D082-492C-808A-5DBB13F1DA17} = {E62C07A8-5674-4087-9E3F-7483185EDC85}
		{977508B8-8649-47AB-8CBD-0396446E9791} = {E62C07A8-5674-4087-9E3F-7483185EDC85}
		{C8180A16-ECB3-4492-B9D1-C49BBF3BAAB6} = {C3091E8E-F4EB-415E-B598-578F7B428DEB}
	EndGlobalSection
EndGlobal
